
Microsoft Visual Studio Solution File, Format Version 12.00
# Visual Studio Version 18
VisualStudioVersion = 18.0.11012.119 d18.0
MinimumVisualStudioVersion = 10.0.40219.1
Project("{FAE04EC0-301F-11D3-BF4B-00C04F79EFBC}") = "Lyt.Console", "Lyt.Console\Lyt.Console.csproj", "{02447D1A-2C58-E90B-2510-29A4E1229BB5}"
EndProject
Project("{FAE04EC0-301F-11D3-BF4B-00C04F79EFBC}") = "Lyt.Search", "Lyt.Search\Lyt.Search.csproj", "{7E2D8B3E-1274-49E7-B727-DBB39152A74B}"
EndProject
Project("{FAE04EC0-301F-11D3-BF4B-00C04F79EFBC}") = "Lyt.StateMachine", "Lyt.StateMachine\Lyt.StateMachine.csproj", "{47BD69B2-C7E1-DA1D-BF71-C55EB45BD1CB}"
EndProject
Project("{FAE04EC0-301F-11D3-BF4B-00C04F79EFBC}") = "Lyt.Utilities", "Lyt.Utilities\Lyt.Utilities.csproj", "{CBE95C06-0C20-4451-EE5C-7795BE29C7FE}"
EndProject
Project("{FAE04EC0-301F-11D3-BF4B-00C04F79EFBC}") = "Lyt.Validation", "Lyt.Validation\Lyt.Validation.csproj", "{CEB0D25B-BED5-FC6A-2A30-A58260F2C686}"
EndProject
Project("{FAE04EC0-301F-11D3-BF4B-00C04F79EFBC}") = "Lyt.Framework.Interfaces", "Lyt.Framework.Interfaces\Lyt.Framework.Interfaces.csproj", "{A4065F1D-0FA3-43AC-82DE-E64415C7D66C}"
EndProject
Project("{FAE04EC0-301F-11D3-BF4B-00C04F79EFBC}") = "Lyt.Model", "Lyt.Model\Lyt.Model.csproj", "{F6C7D279-3A4D-478F-B169-8D964E50D8DC}"
EndProject
Project("{FAE04EC0-301F-11D3-BF4B-00C04F79EFBC}") = "Lyt.Persistence", "Lyt.Persistence\Lyt.Persistence.csproj", "{198A1117-F0E8-4BBA-9091-AA1F480C5969}"
EndProject
Project("{FAE04EC0-301F-11D3-BF4B-00C04F79EFBC}") = "Lyt.Translator.Service", "Lyt.Translator.Service\Lyt.Translator.Service.csproj", "{D4DF9CC9-63E9-475A-98CF-57C1EABD26D3}"
EndProject
Project("{FAE04EC0-301F-11D3-BF4B-00C04F79EFBC}") = "Lyt.UserAdministration", "Lyt.UserAdministration\Lyt.UserAdministration.csproj", "{2DB6F066-F6DB-42A6-9CCC-8AFE23867472}"
EndProject
Project("{FAE04EC0-301F-11D3-BF4B-00C04F79EFBC}") = "Lyt.Mvvm", "Lyt.Mvvm\Lyt.Mvvm.csproj", "{41A85DA6-3C2B-468C-9DF6-13B7AF4E3174}"
EndProject
Project("{FAE04EC0-301F-11D3-BF4B-00C04F79EFBC}") = "Lyt.Orchestrator", "Lyt.Orchestrator\Lyt.Orchestrator.csproj", "{30028600-8559-459E-9709-AD242224B015}"
EndProject
Project("{FAE04EC0-301F-11D3-BF4B-00C04F79EFBC}") = "Lyt.Cleaner", "Lyt.Cleaner\Lyt.Cleaner.csproj", "{4D7AE208-E9A3-403C-A319-23E23059454E}"
EndProject
Project("{FAE04EC0-301F-11D3-BF4B-00C04F79EFBC}") = "Lyt.FileSystem", "Lyt.FileSystem\Lyt.FileSystem.csproj", "{BA9B9DB9-507D-4D05-8EC3-DFD6ED4A6F77}"
EndProject
Project("{FAE04EC0-301F-11D3-BF4B-00C04F79EFBC}") = "Lyt.Templator", "Lyt.Templator\Lyt.Templator.csproj", "{BAA80417-D3A7-408D-93AA-3313293C480A}"
EndProject
Project("{FAE04EC0-301F-11D3-BF4B-00C04F79EFBC}") = "Lyt.AdobeSwatchExchange", "Lyt.AdobeSwatchExchange\Lyt.AdobeSwatchExchange.csproj", "{5D76833B-53BA-483D-B78D-93B8AA1D891C}"
EndProject
Project("{FAE04EC0-301F-11D3-BF4B-00C04F79EFBC}") = "Lyt.Peaks", "Lyt.Peaks\Lyt.Peaks.csproj", "{D921CAF3-65AB-4EEF-899A-97FA0897C65E}"
EndProject
Project("{FAE04EC0-301F-11D3-BF4B-00C04F79EFBC}") = "Lyt.Peaks.Tests", "Lyt.Peaks.Tests\Lyt.Peaks.Tests.csproj", "{2F2AB528-F9A9-47E0-825E-953C8F377F5A}"
EndProject
Project("{FAE04EC0-301F-11D3-BF4B-00C04F79EFBC}") = "Lyt.Collections", "Lyt.Collections\Lyt.Collections.csproj", "{C30443BE-01F2-43A5-B849-465E011E0A81}"
EndProject
Project("{FAE04EC0-301F-11D3-BF4B-00C04F79EFBC}") = "Lyt.Upgrader", "Lyt.Upgrader\Lyt.Upgrader.csproj", "{D626F8F4-A168-4BFB-ADC5-D50C1AAD4A2A}"
EndProject
Global
	GlobalSection(SolutionConfigurationPlatforms) = preSolution
		Debug|Any CPU = Debug|Any CPU
		Release|Any CPU = Release|Any CPU
	EndGlobalSection
	GlobalSection(ProjectConfigurationPlatforms) = postSolution
		{02447D1A-2C58-E90B-2510-29A4E1229BB5}.Debug|Any CPU.ActiveCfg = Debug|Any CPU
		{02447D1A-2C58-E90B-2510-29A4E1229BB5}.Debug|Any CPU.Build.0 = Debug|Any CPU
		{02447D1A-2C58-E90B-2510-29A4E1229BB5}.Release|Any CPU.ActiveCfg = Release|Any CPU
		{02447D1A-2C58-E90B-2510-29A4E1229BB5}.Release|Any CPU.Build.0 = Release|Any CPU
		{7E2D8B3E-1274-49E7-B727-DBB39152A74B}.Debug|Any CPU.ActiveCfg = Debug|Any CPU
		{7E2D8B3E-1274-49E7-B727-DBB39152A74B}.Debug|Any CPU.Build.0 = Debug|Any CPU
		{7E2D8B3E-1274-49E7-B727-DBB39152A74B}.Release|Any CPU.ActiveCfg = Release|Any CPU
		{7E2D8B3E-1274-49E7-B727-DBB39152A74B}.Release|Any CPU.Build.0 = Release|Any CPU
		{47BD69B2-C7E1-DA1D-BF71-C55EB45BD1CB}.Debug|Any CPU.ActiveCfg = Debug|Any CPU
		{47BD69B2-C7E1-DA1D-BF71-C55EB45BD1CB}.Debug|Any CPU.Build.0 = Debug|Any CPU
		{47BD69B2-C7E1-DA1D-BF71-C55EB45BD1CB}.Release|Any CPU.ActiveCfg = Release|Any CPU
		{47BD69B2-C7E1-DA1D-BF71-C55EB45BD1CB}.Release|Any CPU.Build.0 = Release|Any CPU
		{CBE95C06-0C20-4451-EE5C-7795BE29C7FE}.Debug|Any CPU.ActiveCfg = Debug|Any CPU
		{CBE95C06-0C20-4451-EE5C-7795BE29C7FE}.Debug|Any CPU.Build.0 = Debug|Any CPU
		{CBE95C06-0C20-4451-EE5C-7795BE29C7FE}.Release|Any CPU.ActiveCfg = Release|Any CPU
		{CBE95C06-0C20-4451-EE5C-7795BE29C7FE}.Release|Any CPU.Build.0 = Release|Any CPU
		{CEB0D25B-BED5-FC6A-2A30-A58260F2C686}.Debug|Any CPU.ActiveCfg = Debug|Any CPU
		{CEB0D25B-BED5-FC6A-2A30-A58260F2C686}.Debug|Any CPU.Build.0 = Debug|Any CPU
		{CEB0D25B-BED5-FC6A-2A30-A58260F2C686}.Release|Any CPU.ActiveCfg = Release|Any CPU
		{CEB0D25B-BED5-FC6A-2A30-A58260F2C686}.Release|Any CPU.Build.0 = Release|Any CPU
		{A4065F1D-0FA3-43AC-82DE-E64415C7D66C}.Debug|Any CPU.ActiveCfg = Debug|Any CPU
		{A4065F1D-0FA3-43AC-82DE-E64415C7D66C}.Debug|Any CPU.Build.0 = Debug|Any CPU
		{A4065F1D-0FA3-43AC-82DE-E64415C7D66C}.Release|Any CPU.ActiveCfg = Release|Any CPU
		{A4065F1D-0FA3-43AC-82DE-E64415C7D66C}.Release|Any CPU.Build.0 = Release|Any CPU
		{F6C7D279-3A4D-478F-B169-8D964E50D8DC}.Debug|Any CPU.ActiveCfg = Debug|Any CPU
		{F6C7D279-3A4D-478F-B169-8D964E50D8DC}.Debug|Any CPU.Build.0 = Debug|Any CPU
		{F6C7D279-3A4D-478F-B169-8D964E50D8DC}.Release|Any CPU.ActiveCfg = Release|Any CPU
		{F6C7D279-3A4D-478F-B169-8D964E50D8DC}.Release|Any CPU.Build.0 = Release|Any CPU
		{198A1117-F0E8-4BBA-9091-AA1F480C5969}.Debug|Any CPU.ActiveCfg = Debug|Any CPU
		{198A1117-F0E8-4BBA-9091-AA1F480C5969}.Debug|Any CPU.Build.0 = Debug|Any CPU
		{198A1117-F0E8-4BBA-9091-AA1F480C5969}.Release|Any CPU.ActiveCfg = Release|Any CPU
		{198A1117-F0E8-4BBA-9091-AA1F480C5969}.Release|Any CPU.Build.0 = Release|Any CPU
		{D4DF9CC9-63E9-475A-98CF-57C1EABD26D3}.Debug|Any CPU.ActiveCfg = Debug|Any CPU
		{D4DF9CC9-63E9-475A-98CF-57C1EABD26D3}.Debug|Any CPU.Build.0 = Debug|Any CPU
		{D4DF9CC9-63E9-475A-98CF-57C1EABD26D3}.Release|Any CPU.ActiveCfg = Release|Any CPU
		{D4DF9CC9-63E9-475A-98CF-57C1EABD26D3}.Release|Any CPU.Build.0 = Release|Any CPU
		{2DB6F066-F6DB-42A6-9CCC-8AFE23867472}.Debug|Any CPU.ActiveCfg = Debug|Any CPU
		{2DB6F066-F6DB-42A6-9CCC-8AFE23867472}.Debug|Any CPU.Build.0 = Debug|Any CPU
		{2DB6F066-F6DB-42A6-9CCC-8AFE23867472}.Release|Any CPU.ActiveCfg = Release|Any CPU
		{2DB6F066-F6DB-42A6-9CCC-8AFE23867472}.Release|Any CPU.Build.0 = Release|Any CPU
		{41A85DA6-3C2B-468C-9DF6-13B7AF4E3174}.Debug|Any CPU.ActiveCfg = Debug|Any CPU
		{41A85DA6-3C2B-468C-9DF6-13B7AF4E3174}.Debug|Any CPU.Build.0 = Debug|Any CPU
		{41A85DA6-3C2B-468C-9DF6-13B7AF4E3174}.Release|Any CPU.ActiveCfg = Release|Any CPU
		{41A85DA6-3C2B-468C-9DF6-13B7AF4E3174}.Release|Any CPU.Build.0 = Release|Any CPU
		{30028600-8559-459E-9709-AD242224B015}.Debug|Any CPU.ActiveCfg = Debug|Any CPU
		{30028600-8559-459E-9709-AD242224B015}.Debug|Any CPU.Build.0 = Debug|Any CPU
		{30028600-8559-459E-9709-AD242224B015}.Release|Any CPU.ActiveCfg = Release|Any CPU
		{30028600-8559-459E-9709-AD242224B015}.Release|Any CPU.Build.0 = Release|Any CPU
		{4D7AE208-E9A3-403C-A319-23E23059454E}.Debug|Any CPU.ActiveCfg = Debug|Any CPU
		{4D7AE208-E9A3-403C-A319-23E23059454E}.Debug|Any CPU.Build.0 = Debug|Any CPU
		{4D7AE208-E9A3-403C-A319-23E23059454E}.Release|Any CPU.ActiveCfg = Release|Any CPU
		{4D7AE208-E9A3-403C-A319-23E23059454E}.Release|Any CPU.Build.0 = Release|Any CPU
		{BA9B9DB9-507D-4D05-8EC3-DFD6ED4A6F77}.Debug|Any CPU.ActiveCfg = Debug|Any CPU
		{BA9B9DB9-507D-4D05-8EC3-DFD6ED4A6F77}.Debug|Any CPU.Build.0 = Debug|Any CPU
		{BA9B9DB9-507D-4D05-8EC3-DFD6ED4A6F77}.Release|Any CPU.ActiveCfg = Release|Any CPU
		{BA9B9DB9-507D-4D05-8EC3-DFD6ED4A6F77}.Release|Any CPU.Build.0 = Release|Any CPU
		{BAA80417-D3A7-408D-93AA-3313293C480A}.Debug|Any CPU.ActiveCfg = Debug|Any CPU
		{BAA80417-D3A7-408D-93AA-3313293C480A}.Debug|Any CPU.Build.0 = Debug|Any CPU
		{BAA80417-D3A7-408D-93AA-3313293C480A}.Release|Any CPU.ActiveCfg = Release|Any CPU
		{BAA80417-D3A7-408D-93AA-3313293C480A}.Release|Any CPU.Build.0 = Release|Any CPU
		{5D76833B-53BA-483D-B78D-93B8AA1D891C}.Debug|Any CPU.ActiveCfg = Debug|Any CPU
		{5D76833B-53BA-483D-B78D-93B8AA1D891C}.Debug|Any CPU.Build.0 = Debug|Any CPU
		{5D76833B-53BA-483D-B78D-93B8AA1D891C}.Release|Any CPU.ActiveCfg = Release|Any CPU
		{5D76833B-53BA-483D-B78D-93B8AA1D891C}.Release|Any CPU.Build.0 = Release|Any CPU
		{D921CAF3-65AB-4EEF-899A-97FA0897C65E}.Debug|Any CPU.ActiveCfg = Debug|Any CPU
		{D921CAF3-65AB-4EEF-899A-97FA0897C65E}.Debug|Any CPU.Build.0 = Debug|Any CPU
		{D921CAF3-65AB-4EEF-899A-97FA0897C65E}.Release|Any CPU.ActiveCfg = Release|Any CPU
		{D921CAF3-65AB-4EEF-899A-97FA0897C65E}.Release|Any CPU.Build.0 = Release|Any CPU
		{2F2AB528-F9A9-47E0-825E-953C8F377F5A}.Debug|Any CPU.ActiveCfg = Debug|Any CPU
		{2F2AB528-F9A9-47E0-825E-953C8F377F5A}.Debug|Any CPU.Build.0 = Debug|Any CPU
		{2F2AB528-F9A9-47E0-825E-953C8F377F5A}.Release|Any CPU.ActiveCfg = Release|Any CPU
		{2F2AB528-F9A9-47E0-825E-953C8F377F5A}.Release|Any CPU.Build.0 = Release|Any CPU
		{C30443BE-01F2-43A5-B849-465E011E0A81}.Debug|Any CPU.ActiveCfg = Debug|Any CPU
		{C30443BE-01F2-43A5-B849-465E011E0A81}.Debug|Any CPU.Build.0 = Debug|Any CPU
		{C30443BE-01F2-43A5-B849-465E011E0A81}.Release|Any CPU.ActiveCfg = Release|Any CPU
		{C30443BE-01F2-43A5-B849-465E011E0A81}.Release|Any CPU.Build.0 = Release|Any CPU
		{D626F8F4-A168-4BFB-ADC5-D50C1AAD4A2A}.Debug|Any CPU.ActiveCfg = Debug|Any CPU
		{D626F8F4-A168-4BFB-ADC5-D50C1AAD4A2A}.Debug|Any CPU.Build.0 = Debug|Any CPU
		{D626F8F4-A168-4BFB-ADC5-D50C1AAD4A2A}.Release|Any CPU.ActiveCfg = Release|Any CPU
		{D626F8F4-A168-4BFB-ADC5-D50C1AAD4A2A}.Release|Any CPU.Build.0 = Release|Any CPU
	EndGlobalSection
	GlobalSection(SolutionProperties) = preSolution
		HideSolutionNode = FALSE
	EndGlobalSection
	GlobalSection(ExtensibilityGlobals) = postSolution
		SolutionGuid = {DEDA3FBB-C816-4356-9464-BBC4CF816FEA}
	EndGlobalSection
EndGlobal
