
Microsoft Visual Studio Solution File, Format Version 12.00
# Visual Studio Version 18
VisualStudioVersion = 18.0.11012.119
MinimumVisualStudioVersion = 10.0.40219.1
Project("{FAE04EC0-301F-11D3-BF4B-00C04F79EFBC}") = "Lyt.Console", "Lyt.Console\Lyt.Console.csproj", "{02447D1A-2C58-E90B-2510-29A4E1229BB5}"
EndProject
Project("{FAE04EC0-301F-11D3-BF4B-00C04F79EFBC}") = "Lyt.Search", "Lyt.Search\Lyt.Search.csproj", "{7E2D8B3E-1274-49E7-B727-DBB39152A74B}"
EndProject
Project("{FAE04EC0-301F-11D3-BF4B-00C04F79EFBC}") = "Lyt.StateMachine", "Lyt.StateMachine\Lyt.StateMachine.csproj", "{47BD69B2-C7E1-DA1D-BF71-C55EB45BD1CB}"
EndProject
Project("{FAE04EC0-301F-11D3-BF4B-00C04F79EFBC}") = "Lyt.Utilities", "Lyt.Utilities\Lyt.Utilities.csproj", "{CBE95C06-0C20-4451-EE5C-7795BE29C7FE}"
EndProject
Project("{FAE04EC0-301F-11D3-BF4B-00C04F79EFBC}") = "Lyt.Validation", "Lyt.Validation\Lyt.Validation.csproj", "{CEB0D25B-BED5-FC6A-2A30-A58260F2C686}"
EndProject
Project("{FAE04EC0-301F-11D3-BF4B-00C04F79EFBC}") = "Lyt.Framework.Interfaces", "Lyt.Framework.Interfaces\Lyt.Framework.Interfaces.csproj", "{A4065F1D-0FA3-43AC-82DE-E64415C7D66C}"
EndProject
Project("{FAE04EC0-301F-11D3-BF4B-00C04F79EFBC}") = "Lyt.Model", "Lyt.Model\Lyt.Model.csproj", "{F6C7D279-3A4D-478F-B169-8D964E50D8DC}"
EndProject
Project("{FAE04EC0-301F-11D3-BF4B-00C04F79EFBC}") = "Lyt.Persistence", "Lyt.Persistence\Lyt.Persistence.csproj", "{198A1117-F0E8-4BBA-9091-AA1F480C5969}"
EndProject
Project("{FAE04EC0-301F-11D3-BF4B-00C04F79EFBC}") = "Lyt.Translator.Service", "Lyt.Translator.Service\Lyt.Translator.Service.csproj", "{D4DF9CC9-63E9-475A-98CF-57C1EABD26D3}"
EndProject
Project("{FAE04EC0-301F-11D3-BF4B-00C04F79EFBC}") = "Lyt.Orchestrator", "Lyt.Orchestrator\Lyt.Orchestrator.csproj", "{30028600-8559-459E-9709-AD242224B015}"
EndProject
Project("{FAE04EC0-301F-11D3-BF4B-00C04F79EFBC}") = "Lyt.Cleaner", "Lyt.Cleaner\Lyt.Cleaner.csproj", "{4D7AE208-E9A3-403C-A319-23E23059454E}"
EndProject
Project("{FAE04EC0-301F-11D3-BF4B-00C04F79EFBC}") = "Lyt.FileSystem", "Lyt.FileSystem\Lyt.FileSystem.csproj", "{BA9B9DB9-507D-4D05-8EC3-DFD6ED4A6F77}"
EndProject
Project("{FAE04EC0-301F-11D3-BF4B-00C04F79EFBC}") = "Lyt.Templator", "Lyt.Templator\Lyt.Templator.csproj", "{BAA80417-D3A7-408D-93AA-3313293C480A}"
EndProject
Project("{FAE04EC0-301F-11D3-BF4B-00C04F79EFBC}") = "Lyt.AdobeSwatchExchange", "Lyt.AdobeSwatchExchange\Lyt.AdobeSwatchExchange.csproj", "{5D76833B-53BA-483D-B78D-93B8AA1D891C}"
EndProject
Project("{FAE04EC0-301F-11D3-BF4B-00C04F79EFBC}") = "Lyt.Peaks", "Lyt.Peaks\Lyt.Peaks.csproj", "{D921CAF3-65AB-4EEF-899A-97FA0897C65E}"
EndProject
Project("{FAE04EC0-301F-11D3-BF4B-00C04F79EFBC}") = "Lyt.Peaks.Tests", "Lyt.Peaks.Tests\Lyt.Peaks.Tests.csproj", "{2F2AB528-F9A9-47E0-825E-953C8F377F5A}"
EndProject
Project("{FAE04EC0-301F-11D3-BF4B-00C04F79EFBC}") = "Lyt.Collections", "Lyt.Collections\Lyt.Collections.csproj", "{C30443BE-01F2-43A5-B849-465E011E0A81}"
EndProject
Project("{FAE04EC0-301F-11D3-BF4B-00C04F79EFBC}") = "Lyt.Upgrader", "Lyt.Upgrader\Lyt.Upgrader.csproj", "{D626F8F4-A168-4BFB-ADC5-D50C1AAD4A2A}"
EndProject
Project("{FAE04EC0-301F-11D3-BF4B-00C04F79EFBC}") = "Lyt.ImageProcessing", "Lyt.ImageProcessing\Lyt.ImageProcessing.csproj", "{66AE8EEB-E405-4B2E-BE9D-23FCC958F65B}"
EndProject
Project("{2150E333-8FDC-42A3-9474-1A3956D46DE8}") = "Solution Items", "Solution Items", "{A8871937-1040-4219-86E5-A80BB477E369}"
	ProjectSection(SolutionItems) = preProject
		README.md = README.md
	EndProjectSection
EndProject
Project("{FAE04EC0-301F-11D3-BF4B-00C04F79EFBC}") = "Lyt.CodeGenerators", "Lyt.CodeGenerators\Lyt.CodeGenerators.csproj", "{56608641-7257-4EA0-9BF2-E11CD6EA52BA}"
EndProject
Project("{FAE04EC0-301F-11D3-BF4B-00C04F79EFBC}") = "Lyt.Utilities.Reflection", "Lyt.Utilities.Reflection\Lyt.Utilities.Reflection.csproj", "{5F71E93C-B364-40E6-9004-F47E40247030}"
EndProject
Project("{2150E333-8FDC-42A3-9474-1A3956D46DE8}") = "Tools", "Tools", "{4E102B40-664C-4775-A896-BCFEF46F1611}"
EndProject
Project("{2150E333-8FDC-42A3-9474-1A3956D46DE8}") = "AOT_Compatible", "AOT_Compatible", "{FE4658E7-8652-487F-9F21-F7FC7022AA98}"
EndProject
Project("{2150E333-8FDC-42A3-9474-1A3956D46DE8}") = "Experimental", "Experimental", "{0324A065-385F-4984-9751-73A186227473}"
EndProject
Project("{2150E333-8FDC-42A3-9474-1A3956D46DE8}") = "NOT_AOT", "NOT_AOT", "{F122A738-7D38-4225-B845-71980DCAC2F1}"
EndProject
Project("{FAE04EC0-301F-11D3-BF4B-00C04F79EFBC}") = "Lyt.Resources", "Lyt.Resources\Lyt.Resources.csproj", "{34289A5E-2413-400C-A667-4480BC486287}"
EndProject
Project("{FAE04EC0-301F-11D3-BF4B-00C04F79EFBC}") = "Lyt.FileLogger", "Lyt.FileLogger\Lyt.FileLogger.csproj", "{41E8E21A-D31B-4A12-99EB-6F547BEE5BA0}"
EndProject
Project("{FAE04EC0-301F-11D3-BF4B-00C04F79EFBC}") = "Lyt.AotTemplator", "Lyt.AotTemplator\Lyt.AotTemplator.csproj", "{568DE5EC-C70C-45F6-A4CF-A3712DDE35AC}"
EndProject
Global
	GlobalSection(SolutionConfigurationPlatforms) = preSolution
		Debug|x64 = Debug|x64
		Release|x64 = Release|x64
	EndGlobalSection
	GlobalSection(ProjectConfigurationPlatforms) = postSolution
		{02447D1A-2C58-E90B-2510-29A4E1229BB5}.Debug|x64.ActiveCfg = Debug|x64
		{02447D1A-2C58-E90B-2510-29A4E1229BB5}.Debug|x64.Build.0 = Debug|x64
		{02447D1A-2C58-E90B-2510-29A4E1229BB5}.Release|x64.ActiveCfg = Release|x64
		{02447D1A-2C58-E90B-2510-29A4E1229BB5}.Release|x64.Build.0 = Release|x64
		{7E2D8B3E-1274-49E7-B727-DBB39152A74B}.Debug|x64.ActiveCfg = Debug|x64
		{7E2D8B3E-1274-49E7-B727-DBB39152A74B}.Debug|x64.Build.0 = Debug|x64
		{7E2D8B3E-1274-49E7-B727-DBB39152A74B}.Release|x64.ActiveCfg = Release|x64
		{7E2D8B3E-1274-49E7-B727-DBB39152A74B}.Release|x64.Build.0 = Release|x64
		{47BD69B2-C7E1-DA1D-BF71-C55EB45BD1CB}.Debug|x64.ActiveCfg = Debug|x64
		{47BD69B2-C7E1-DA1D-BF71-C55EB45BD1CB}.Debug|x64.Build.0 = Debug|x64
		{47BD69B2-C7E1-DA1D-BF71-C55EB45BD1CB}.Release|x64.ActiveCfg = Release|x64
		{47BD69B2-C7E1-DA1D-BF71-C55EB45BD1CB}.Release|x64.Build.0 = Release|x64
		{CBE95C06-0C20-4451-EE5C-7795BE29C7FE}.Debug|x64.ActiveCfg = Debug|x64
		{CBE95C06-0C20-4451-EE5C-7795BE29C7FE}.Debug|x64.Build.0 = Debug|x64
		{CBE95C06-0C20-4451-EE5C-7795BE29C7FE}.Release|x64.ActiveCfg = Release|x64
		{CBE95C06-0C20-4451-EE5C-7795BE29C7FE}.Release|x64.Build.0 = Release|x64
		{CEB0D25B-BED5-FC6A-2A30-A58260F2C686}.Debug|x64.ActiveCfg = Debug|x64
		{CEB0D25B-BED5-FC6A-2A30-A58260F2C686}.Debug|x64.Build.0 = Debug|x64
		{CEB0D25B-BED5-FC6A-2A30-A58260F2C686}.Release|x64.ActiveCfg = Release|x64
		{CEB0D25B-BED5-FC6A-2A30-A58260F2C686}.Release|x64.Build.0 = Release|x64
		{A4065F1D-0FA3-43AC-82DE-E64415C7D66C}.Debug|x64.ActiveCfg = Debug|x64
		{A4065F1D-0FA3-43AC-82DE-E64415C7D66C}.Debug|x64.Build.0 = Debug|x64
		{A4065F1D-0FA3-43AC-82DE-E64415C7D66C}.Release|x64.ActiveCfg = Release|x64
		{A4065F1D-0FA3-43AC-82DE-E64415C7D66C}.Release|x64.Build.0 = Release|x64
		{F6C7D279-3A4D-478F-B169-8D964E50D8DC}.Debug|x64.ActiveCfg = Debug|x64
		{F6C7D279-3A4D-478F-B169-8D964E50D8DC}.Debug|x64.Build.0 = Debug|x64
		{F6C7D279-3A4D-478F-B169-8D964E50D8DC}.Release|x64.ActiveCfg = Release|x64
		{F6C7D279-3A4D-478F-B169-8D964E50D8DC}.Release|x64.Build.0 = Release|x64
		{198A1117-F0E8-4BBA-9091-AA1F480C5969}.Debug|x64.ActiveCfg = Debug|x64
		{198A1117-F0E8-4BBA-9091-AA1F480C5969}.Debug|x64.Build.0 = Debug|x64
		{198A1117-F0E8-4BBA-9091-AA1F480C5969}.Release|x64.ActiveCfg = Release|x64
		{198A1117-F0E8-4BBA-9091-AA1F480C5969}.Release|x64.Build.0 = Release|x64
		{D4DF9CC9-63E9-475A-98CF-57C1EABD26D3}.Debug|x64.ActiveCfg = Debug|x64
		{D4DF9CC9-63E9-475A-98CF-57C1EABD26D3}.Debug|x64.Build.0 = Debug|x64
		{D4DF9CC9-63E9-475A-98CF-57C1EABD26D3}.Release|x64.ActiveCfg = Release|x64
		{D4DF9CC9-63E9-475A-98CF-57C1EABD26D3}.Release|x64.Build.0 = Release|x64
		{30028600-8559-459E-9709-AD242224B015}.Debug|x64.ActiveCfg = Debug|x64
		{30028600-8559-459E-9709-AD242224B015}.Debug|x64.Build.0 = Debug|x64
		{30028600-8559-459E-9709-AD242224B015}.Release|x64.ActiveCfg = Release|x64
		{30028600-8559-459E-9709-AD242224B015}.Release|x64.Build.0 = Release|x64
		{4D7AE208-E9A3-403C-A319-23E23059454E}.Debug|x64.ActiveCfg = Debug|x64
		{4D7AE208-E9A3-403C-A319-23E23059454E}.Debug|x64.Build.0 = Debug|x64
		{4D7AE208-E9A3-403C-A319-23E23059454E}.Release|x64.ActiveCfg = Release|x64
		{4D7AE208-E9A3-403C-A319-23E23059454E}.Release|x64.Build.0 = Release|x64
		{BA9B9DB9-507D-4D05-8EC3-DFD6ED4A6F77}.Debug|x64.ActiveCfg = Debug|x64
		{BA9B9DB9-507D-4D05-8EC3-DFD6ED4A6F77}.Debug|x64.Build.0 = Debug|x64
		{BA9B9DB9-507D-4D05-8EC3-DFD6ED4A6F77}.Release|x64.ActiveCfg = Release|x64
		{BA9B9DB9-507D-4D05-8EC3-DFD6ED4A6F77}.Release|x64.Build.0 = Release|x64
		{BAA80417-D3A7-408D-93AA-3313293C480A}.Debug|x64.ActiveCfg = Debug|x64
		{BAA80417-D3A7-408D-93AA-3313293C480A}.Debug|x64.Build.0 = Debug|x64
		{BAA80417-D3A7-408D-93AA-3313293C480A}.Release|x64.ActiveCfg = Release|x64
		{BAA80417-D3A7-408D-93AA-3313293C480A}.Release|x64.Build.0 = Release|x64
		{5D76833B-53BA-483D-B78D-93B8AA1D891C}.Debug|x64.ActiveCfg = Debug|x64
		{5D76833B-53BA-483D-B78D-93B8AA1D891C}.Debug|x64.Build.0 = Debug|x64
		{5D76833B-53BA-483D-B78D-93B8AA1D891C}.Release|x64.ActiveCfg = Release|x64
		{5D76833B-53BA-483D-B78D-93B8AA1D891C}.Release|x64.Build.0 = Release|x64
		{D921CAF3-65AB-4EEF-899A-97FA0897C65E}.Debug|x64.ActiveCfg = Debug|x64
		{D921CAF3-65AB-4EEF-899A-97FA0897C65E}.Debug|x64.Build.0 = Debug|x64
		{D921CAF3-65AB-4EEF-899A-97FA0897C65E}.Release|x64.ActiveCfg = Release|x64
		{D921CAF3-65AB-4EEF-899A-97FA0897C65E}.Release|x64.Build.0 = Release|x64
		{2F2AB528-F9A9-47E0-825E-953C8F377F5A}.Debug|x64.ActiveCfg = Debug|x64
		{2F2AB528-F9A9-47E0-825E-953C8F377F5A}.Debug|x64.Build.0 = Debug|x64
		{2F2AB528-F9A9-47E0-825E-953C8F377F5A}.Release|x64.ActiveCfg = Release|x64
		{2F2AB528-F9A9-47E0-825E-953C8F377F5A}.Release|x64.Build.0 = Release|x64
		{C30443BE-01F2-43A5-B849-465E011E0A81}.Debug|x64.ActiveCfg = Debug|x64
		{C30443BE-01F2-43A5-B849-465E011E0A81}.Debug|x64.Build.0 = Debug|x64
		{C30443BE-01F2-43A5-B849-465E011E0A81}.Release|x64.ActiveCfg = Release|x64
		{C30443BE-01F2-43A5-B849-465E011E0A81}.Release|x64.Build.0 = Release|x64
		{D626F8F4-A168-4BFB-ADC5-D50C1AAD4A2A}.Debug|x64.ActiveCfg = Debug|x64
		{D626F8F4-A168-4BFB-ADC5-D50C1AAD4A2A}.Debug|x64.Build.0 = Debug|x64
		{D626F8F4-A168-4BFB-ADC5-D50C1AAD4A2A}.Release|x64.ActiveCfg = Release|x64
		{D626F8F4-A168-4BFB-ADC5-D50C1AAD4A2A}.Release|x64.Build.0 = Release|x64
		{66AE8EEB-E405-4B2E-BE9D-23FCC958F65B}.Debug|x64.ActiveCfg = Debug|x64
		{66AE8EEB-E405-4B2E-BE9D-23FCC958F65B}.Debug|x64.Build.0 = Debug|x64
		{66AE8EEB-E405-4B2E-BE9D-23FCC958F65B}.Release|x64.ActiveCfg = Release|x64
		{66AE8EEB-E405-4B2E-BE9D-23FCC958F65B}.Release|x64.Build.0 = Release|x64
		{56608641-7257-4EA0-9BF2-E11CD6EA52BA}.Debug|x64.ActiveCfg = Debug|x64
		{56608641-7257-4EA0-9BF2-E11CD6EA52BA}.Debug|x64.Build.0 = Debug|x64
		{56608641-7257-4EA0-9BF2-E11CD6EA52BA}.Release|x64.ActiveCfg = Release|x64
		{56608641-7257-4EA0-9BF2-E11CD6EA52BA}.Release|x64.Build.0 = Release|x64
		{5F71E93C-B364-40E6-9004-F47E40247030}.Debug|x64.ActiveCfg = Debug|x64
		{5F71E93C-B364-40E6-9004-F47E40247030}.Debug|x64.Build.0 = Debug|x64
		{5F71E93C-B364-40E6-9004-F47E40247030}.Release|x64.ActiveCfg = Release|x64
		{5F71E93C-B364-40E6-9004-F47E40247030}.Release|x64.Build.0 = Release|x64
		{34289A5E-2413-400C-A667-4480BC486287}.Debug|x64.ActiveCfg = Debug|x64
		{34289A5E-2413-400C-A667-4480BC486287}.Debug|x64.Build.0 = Debug|x64
		{34289A5E-2413-400C-A667-4480BC486287}.Release|x64.ActiveCfg = Release|x64
		{34289A5E-2413-400C-A667-4480BC486287}.Release|x64.Build.0 = Release|x64
		{41E8E21A-D31B-4A12-99EB-6F547BEE5BA0}.Debug|x64.ActiveCfg = Debug|x64
		{41E8E21A-D31B-4A12-99EB-6F547BEE5BA0}.Debug|x64.Build.0 = Debug|x64
		{41E8E21A-D31B-4A12-99EB-6F547BEE5BA0}.Release|x64.ActiveCfg = Release|x64
		{41E8E21A-D31B-4A12-99EB-6F547BEE5BA0}.Release|x64.Build.0 = Release|x64
		{568DE5EC-C70C-45F6-A4CF-A3712DDE35AC}.Debug|x64.ActiveCfg = Debug|x64
		{568DE5EC-C70C-45F6-A4CF-A3712DDE35AC}.Release|x64.ActiveCfg = Release|x64
	EndGlobalSection
	GlobalSection(SolutionProperties) = preSolution
		HideSolutionNode = FALSE
	EndGlobalSection
	GlobalSection(NestedProjects) = preSolution
		{02447D1A-2C58-E90B-2510-29A4E1229BB5} = {4E102B40-664C-4775-A896-BCFEF46F1611}
		{7E2D8B3E-1274-49E7-B727-DBB39152A74B} = {F122A738-7D38-4225-B845-71980DCAC2F1}
		{47BD69B2-C7E1-DA1D-BF71-C55EB45BD1CB} = {FE4658E7-8652-487F-9F21-F7FC7022AA98}
		{CBE95C06-0C20-4451-EE5C-7795BE29C7FE} = {FE4658E7-8652-487F-9F21-F7FC7022AA98}
		{CEB0D25B-BED5-FC6A-2A30-A58260F2C686} = {F122A738-7D38-4225-B845-71980DCAC2F1}
		{A4065F1D-0FA3-43AC-82DE-E64415C7D66C} = {FE4658E7-8652-487F-9F21-F7FC7022AA98}
		{30028600-8559-459E-9709-AD242224B015} = {FE4658E7-8652-487F-9F21-F7FC7022AA98}
		{4D7AE208-E9A3-403C-A319-23E23059454E} = {4E102B40-664C-4775-A896-BCFEF46F1611}
		{BA9B9DB9-507D-4D05-8EC3-DFD6ED4A6F77} = {FE4658E7-8652-487F-9F21-F7FC7022AA98}
		{BAA80417-D3A7-408D-93AA-3313293C480A} = {F122A738-7D38-4225-B845-71980DCAC2F1}
		{5D76833B-53BA-483D-B78D-93B8AA1D891C} = {FE4658E7-8652-487F-9F21-F7FC7022AA98}
		{D921CAF3-65AB-4EEF-899A-97FA0897C65E} = {FE4658E7-8652-487F-9F21-F7FC7022AA98}
		{2F2AB528-F9A9-47E0-825E-953C8F377F5A} = {FE4658E7-8652-487F-9F21-F7FC7022AA98}
		{C30443BE-01F2-43A5-B849-465E011E0A81} = {FE4658E7-8652-487F-9F21-F7FC7022AA98}
		{D626F8F4-A168-4BFB-ADC5-D50C1AAD4A2A} = {4E102B40-664C-4775-A896-BCFEF46F1611}
		{66AE8EEB-E405-4B2E-BE9D-23FCC958F65B} = {FE4658E7-8652-487F-9F21-F7FC7022AA98}
		{56608641-7257-4EA0-9BF2-E11CD6EA52BA} = {0324A065-385F-4984-9751-73A186227473}
		{5F71E93C-B364-40E6-9004-F47E40247030} = {F122A738-7D38-4225-B845-71980DCAC2F1}
		{4E102B40-664C-4775-A896-BCFEF46F1611} = {A8871937-1040-4219-86E5-A80BB477E369}
		{FE4658E7-8652-487F-9F21-F7FC7022AA98} = {A8871937-1040-4219-86E5-A80BB477E369}
		{0324A065-385F-4984-9751-73A186227473} = {A8871937-1040-4219-86E5-A80BB477E369}
		{F122A738-7D38-4225-B845-71980DCAC2F1} = {A8871937-1040-4219-86E5-A80BB477E369}
		{568DE5EC-C70C-45F6-A4CF-A3712DDE35AC} = {FE4658E7-8652-487F-9F21-F7FC7022AA98}
	EndGlobalSection
	GlobalSection(ExtensibilityGlobals) = postSolution
		SolutionGuid = {DEDA3FBB-C816-4356-9464-BBC4CF816FEA}
	EndGlobalSection
EndGlobal
